<?xml version="1.0" encoding="UTF-8" standalone="yes" ?>
<CodeBlocks_project_file>
	<FileVersion major="1" minor="6" />
	<Project>
		<Option title="w_station_test" />
		<Option pch_mode="2" />
		<Option compiler="gcc" />
		<Build>
			<Target title="Debug">
				<Option output="bin/Debug/w_station_test" prefix_auto="1" extension_auto="1" />
				<Option object_output="obj/Debug/" />
				<Option type="1" />
				<Option compiler="gcc" />
				<Compiler>
					<Add option="-g" />
				</Compiler>
			</Target>
			<Target title="Release">
				<Option output="bin/Release/w_station_test" prefix_auto="1" extension_auto="1" />
				<Option object_output="obj/Release/" />
				<Option type="1" />
				<Option compiler="gcc" />
				<Compiler>
					<Add option="-O2" />
				</Compiler>
				<Linker>
					<Add option="-s" />
				</Linker>
			</Target>
		</Build>
		<Compiler>
			<Add option="-Wall" />
		</Compiler>
		<Unit filename="BicycleShed.c">
			<Option compilerVar="CC" />
		</Unit>
		<Unit filename="Display.c">
			<Option compilerVar="CC" />
		</Unit>
		<Unit filename="Display.h" />
		<Unit filename="GPIOs.c">
			<Option compilerVar="CC" />
		</Unit>
		<Unit filename="GPIOs.h" />
		<Unit filename="ScaleTables.c">
			<Option compilerVar="CC" />
		</Unit>
		<Unit filename="ScaleTables.h" />
		<Unit filename="ServerCom.c">
			<Option compilerVar="CC" />
		</Unit>
		<Unit filename="ServerCom.h" />
		<Unit filename="Victron.c">
			<Option compilerVar="CC" />
		</Unit>
		<Unit filename="Victron.h" />
		<Unit filename="Weather.c">
			<Option compilerVar="CC" />
		</Unit>
		<Unit filename="Weather.h" />
		<Unit filename="lib-json.c">
			<Option compilerVar="CC" />
		</Unit>
		<Unit filename="lib-json.h" />
		<Unit filename="readDatabase.c">
			<Option compilerVar="CC" />
		</Unit>
		<Unit filename="readDatabase.h" />
		<Extensions>
			<code_completion />
			<debugger />
		</Extensions>
	</Project>
</CodeBlocks_project_file>
